
Microsoft Visual Studio Solution File, Format Version 12.00
# Visual Studio Version 16
VisualStudioVersion = 16.0.29905.134
MinimumVisualStudioVersion = 10.0.40219.1
Project("{FAE04EC0-301F-11D3-BF4B-00C04F79EFBC}") = "BlogPessoal.Web", "BlogPessoal.Web\BlogPessoal.Web.csproj", "{3F9CDA43-A208-418F-AD3D-672E9D63D698}"
EndProject
Project("{FAE04EC0-301F-11D3-BF4B-00C04F79EFBC}") = "BlogPessoal.Tests", "BlogPessoal.Tests\BlogPessoal.Tests.csproj", "{8EF458BC-0184-4F82-AFE8-C7A6CCAFDF89}"
EndProject
Global
	GlobalSection(SolutionConfigurationPlatforms) = preSolution
		Debug|Any CPU = Debug|Any CPU
		Release|Any CPU = Release|Any CPU
	EndGlobalSection
	GlobalSection(ProjectConfigurationPlatforms) = postSolution
		{3F9CDA43-A208-418F-AD3D-672E9D63D698}.Debug|Any CPU.ActiveCfg = Debug|Any CPU
		{3F9CDA43-A208-418F-AD3D-672E9D63D698}.Debug|Any CPU.Build.0 = Debug|Any CPU
		{3F9CDA43-A208-418F-AD3D-672E9D63D698}.Release|Any CPU.ActiveCfg = Release|Any CPU
		{3F9CDA43-A208-418F-AD3D-672E9D63D698}.Release|Any CPU.Build.0 = Release|Any CPU
		{8EF458BC-0184-4F82-AFE8-C7A6CCAFDF89}.Debug|Any CPU.ActiveCfg = Debug|Any CPU
		{8EF458BC-0184-4F82-AFE8-C7A6CCAFDF89}.Debug|Any CPU.Build.0 = Debug|Any CPU
		{8EF458BC-0184-4F82-AFE8-C7A6CCAFDF89}.Release|Any CPU.ActiveCfg = Release|Any CPU
		{8EF458BC-0184-4F82-AFE8-C7A6CCAFDF89}.Release|Any CPU.Build.0 = Release|Any CPU
	EndGlobalSection
	GlobalSection(SolutionProperties) = preSolution
		HideSolutionNode = FALSE
	EndGlobalSection
	GlobalSection(ExtensibilityGlobals) = postSolution
		SolutionGuid = {C059BADC-4493-418F-80E3-2CB815A8C770}
	EndGlobalSection
EndGlobal
